
Microsoft Visual Studio Solution File, Format Version 12.00
Project("{FAE04EC0-301F-11D3-BF4B-00C04F79EFBC}") = "DebuggerCore", "DebuggerCore\DebuggerCore.csproj", "{F04B0D1B-B380-4208-A362-78AC46D162D9}"
EndProject
Project("{FAE04EC0-301F-11D3-BF4B-00C04F79EFBC}") = "Frontend_macOS", "Frontend_macOS\Frontend_macOS.csproj", "{D9F009EE-86D5-4739-80AD-7BA81285BAC7}"
EndProject
Project("{FAE04EC0-301F-11D3-BF4B-00C04F79EFBC}") = "Frontend_WPF", "Frontend_WPF\Frontend_WPF.csproj", "{E79F2C71-66F3-4094-988B-6833F67F86E9}"
EndProject
Project("{FAE04EC0-301F-11D3-BF4B-00C04F79EFBC}") = "DebuggerCoreTests", "DebuggerCoreTests\DebuggerCoreTests.csproj", "{96C4C545-BAA6-4E55-A1B3-124D9280926F}"
EndProject
Project("{FAE04EC0-301F-11D3-BF4B-00C04F79EFBC}") = "Frontend_GTK", "Frontend_GTK\Frontend_GTK.csproj", "{4C22CDC5-8CFD-4742-BBA2-43380129F947}"
EndProject
Project("{FAE04EC0-301F-11D3-BF4B-00C04F79EFBC}") = "DebuggerClient", "DebuggerClient\DebuggerClient.csproj", "{563C7597-07F9-4EA4-9050-76E63829D1E1}"
EndProject
Global
	GlobalSection(SolutionConfigurationPlatforms) = preSolution
		Debug macOS|Any CPU = Debug macOS|Any CPU
		Release macOS|Any CPU = Release macOS|Any CPU
		Debug GTK|Any CPU = Debug GTK|Any CPU
		Release GTK|Any CPU = Release GTK|Any CPU
		Debug WPF|Any CPU = Debug WPF|Any CPU
		Release WPF|Any CPU = Release WPF|Any CPU
	EndGlobalSection
	GlobalSection(ProjectConfigurationPlatforms) = postSolution
		{F04B0D1B-B380-4208-A362-78AC46D162D9}.Debug macOS|Any CPU.ActiveCfg = Debug macOS|Any CPU
		{F04B0D1B-B380-4208-A362-78AC46D162D9}.Debug macOS|Any CPU.Build.0 = Debug macOS|Any CPU
		{F04B0D1B-B380-4208-A362-78AC46D162D9}.Release macOS|Any CPU.ActiveCfg = Release macOS|Any CPU
		{F04B0D1B-B380-4208-A362-78AC46D162D9}.Release macOS|Any CPU.Build.0 = Release macOS|Any CPU
		{F04B0D1B-B380-4208-A362-78AC46D162D9}.Debug GTK|Any CPU.ActiveCfg = Debug GTK|Any CPU
		{F04B0D1B-B380-4208-A362-78AC46D162D9}.Debug GTK|Any CPU.Build.0 = Debug GTK|Any CPU
		{F04B0D1B-B380-4208-A362-78AC46D162D9}.Release GTK|Any CPU.ActiveCfg = Release GTK|Any CPU
		{F04B0D1B-B380-4208-A362-78AC46D162D9}.Release GTK|Any CPU.Build.0 = Release GTK|Any CPU
		{F04B0D1B-B380-4208-A362-78AC46D162D9}.Debug WPF|Any CPU.ActiveCfg = Debug WPF|Any CPU
		{F04B0D1B-B380-4208-A362-78AC46D162D9}.Debug WPF|Any CPU.Build.0 = Debug WPF|Any CPU
		{F04B0D1B-B380-4208-A362-78AC46D162D9}.Release WPF|Any CPU.ActiveCfg = Release WPF|Any CPU
		{F04B0D1B-B380-4208-A362-78AC46D162D9}.Release WPF|Any CPU.Build.0 = Release WPF|Any CPU
		{D9F009EE-86D5-4739-80AD-7BA81285BAC7}.Debug macOS|Any CPU.ActiveCfg = Debug macOS|Any CPU
		{D9F009EE-86D5-4739-80AD-7BA81285BAC7}.Debug macOS|Any CPU.Build.0 = Debug macOS|Any CPU
		{D9F009EE-86D5-4739-80AD-7BA81285BAC7}.Release macOS|Any CPU.ActiveCfg = Release macOS|Any CPU
		{D9F009EE-86D5-4739-80AD-7BA81285BAC7}.Release macOS|Any CPU.Build.0 = Release macOS|Any CPU
		{D9F009EE-86D5-4739-80AD-7BA81285BAC7}.Debug GTK|Any CPU.ActiveCfg = Debug GTK|Any CPU
		{D9F009EE-86D5-4739-80AD-7BA81285BAC7}.Release GTK|Any CPU.ActiveCfg = Release GTK|Any CPU
		{D9F009EE-86D5-4739-80AD-7BA81285BAC7}.Debug WPF|Any CPU.ActiveCfg = Debug WPF|Any CPU
		{D9F009EE-86D5-4739-80AD-7BA81285BAC7}.Release WPF|Any CPU.ActiveCfg = Release WPF|Any CPU
		{E79F2C71-66F3-4094-988B-6833F67F86E9}.Debug macOS|Any CPU.ActiveCfg = Debug macOS|Any CPU
		{E79F2C71-66F3-4094-988B-6833F67F86E9}.Release macOS|Any CPU.ActiveCfg = Release macOS|Any CPU
		{E79F2C71-66F3-4094-988B-6833F67F86E9}.Debug GTK|Any CPU.ActiveCfg = Debug GTK|Any CPU
		{E79F2C71-66F3-4094-988B-6833F67F86E9}.Release GTK|Any CPU.ActiveCfg = Release GTK|Any CPU
		{E79F2C71-66F3-4094-988B-6833F67F86E9}.Debug WPF|Any CPU.ActiveCfg = Debug WPF|Any CPU
		{E79F2C71-66F3-4094-988B-6833F67F86E9}.Debug WPF|Any CPU.Build.0 = Debug WPF|Any CPU
		{E79F2C71-66F3-4094-988B-6833F67F86E9}.Release WPF|Any CPU.ActiveCfg = Release WPF|Any CPU
		{E79F2C71-66F3-4094-988B-6833F67F86E9}.Release WPF|Any CPU.Build.0 = Release WPF|Any CPU
		{96C4C545-BAA6-4E55-A1B3-124D9280926F}.Debug macOS|Any CPU.ActiveCfg = Debug|Any CPU
		{96C4C545-BAA6-4E55-A1B3-124D9280926F}.Debug macOS|Any CPU.Build.0 = Debug|Any CPU
		{96C4C545-BAA6-4E55-A1B3-124D9280926F}.Release macOS|Any CPU.ActiveCfg = Debug|Any CPU
		{96C4C545-BAA6-4E55-A1B3-124D9280926F}.Release macOS|Any CPU.Build.0 = Debug|Any CPU
		{96C4C545-BAA6-4E55-A1B3-124D9280926F}.Debug GTK|Any CPU.ActiveCfg = Debug|Any CPU
		{96C4C545-BAA6-4E55-A1B3-124D9280926F}.Debug GTK|Any CPU.Build.0 = Debug|Any CPU
		{96C4C545-BAA6-4E55-A1B3-124D9280926F}.Release GTK|Any CPU.ActiveCfg = Debug|Any CPU
		{96C4C545-BAA6-4E55-A1B3-124D9280926F}.Release GTK|Any CPU.Build.0 = Debug|Any CPU
		{96C4C545-BAA6-4E55-A1B3-124D9280926F}.Debug WPF|Any CPU.ActiveCfg = Debug|Any CPU
		{96C4C545-BAA6-4E55-A1B3-124D9280926F}.Debug WPF|Any CPU.Build.0 = Debug|Any CPU
		{96C4C545-BAA6-4E55-A1B3-124D9280926F}.Release WPF|Any CPU.ActiveCfg = Debug|Any CPU
		{96C4C545-BAA6-4E55-A1B3-124D9280926F}.Release WPF|Any CPU.Build.0 = Debug|Any CPU
		{4C22CDC5-8CFD-4742-BBA2-43380129F947}.Debug macOS|Any CPU.ActiveCfg = Debug|Any CPU
		{4C22CDC5-8CFD-4742-BBA2-43380129F947}.Release macOS|Any CPU.ActiveCfg = Debug|Any CPU
		{4C22CDC5-8CFD-4742-BBA2-43380129F947}.Debug GTK|Any CPU.ActiveCfg = Debug|Any CPU
		{4C22CDC5-8CFD-4742-BBA2-43380129F947}.Debug GTK|Any CPU.Build.0 = Debug|Any CPU
		{4C22CDC5-8CFD-4742-BBA2-43380129F947}.Release GTK|Any CPU.ActiveCfg = Debug|Any CPU
		{4C22CDC5-8CFD-4742-BBA2-43380129F947}.Release GTK|Any CPU.Build.0 = Debug|Any CPU
		{4C22CDC5-8CFD-4742-BBA2-43380129F947}.Debug WPF|Any CPU.ActiveCfg = Debug|Any CPU
		{4C22CDC5-8CFD-4742-BBA2-43380129F947}.Release WPF|Any CPU.ActiveCfg = Debug|Any CPU
		{563C7597-07F9-4EA4-9050-76E63829D1E1}.Debug macOS|Any CPU.ActiveCfg = Debug|Any CPU
		{563C7597-07F9-4EA4-9050-76E63829D1E1}.Debug macOS|Any CPU.Build.0 = Debug|Any CPU
		{563C7597-07F9-4EA4-9050-76E63829D1E1}.Release macOS|Any CPU.ActiveCfg = Debug|Any CPU
		{563C7597-07F9-4EA4-9050-76E63829D1E1}.Release macOS|Any CPU.Build.0 = Debug|Any CPU
		{563C7597-07F9-4EA4-9050-76E63829D1E1}.Debug GTK|Any CPU.ActiveCfg = Debug|Any CPU
		{563C7597-07F9-4EA4-9050-76E63829D1E1}.Debug GTK|Any CPU.Build.0 = Debug|Any CPU
		{563C7597-07F9-4EA4-9050-76E63829D1E1}.Release GTK|Any CPU.ActiveCfg = Debug|Any CPU
		{563C7597-07F9-4EA4-9050-76E63829D1E1}.Release GTK|Any CPU.Build.0 = Debug|Any CPU
		{563C7597-07F9-4EA4-9050-76E63829D1E1}.Debug WPF|Any CPU.ActiveCfg = Debug|Any CPU
		{563C7597-07F9-4EA4-9050-76E63829D1E1}.Debug WPF|Any CPU.Build.0 = Debug|Any CPU
		{563C7597-07F9-4EA4-9050-76E63829D1E1}.Release WPF|Any CPU.ActiveCfg = Debug|Any CPU
		{563C7597-07F9-4EA4-9050-76E63829D1E1}.Release WPF|Any CPU.Build.0 = Debug|Any CPU
	EndGlobalSection
EndGlobal
